{
  "name": "homebridge-phat-beat",
  "version": "1.0.1",
  "lockfileVersion": 2,
  "requires": true,
  "packages": {
    "": {
      "version": "1.0.1",
      "license": "MIT",
      "dependencies": {
        "colorsys": "^1.0.10",
        "phatbeat": "git+git@github.com:aml11/phatbeat-node.git"
      },
      "engines": {
        "homebridge": ">=0.2.0",
        "node": ">=0.12.0"
      }
    },
    "node_modules/bindings": {
      "version": "1.5.0",
      "resolved": "https://registry.npmjs.org/bindings/-/bindings-1.5.0.tgz",
      "integrity": "sha512-p2q/t/mhvuOj/UeLlV6566GD/guowlr0hHxClI0W9m7MWYkL1F0hLo+0Aexs9HSPCtR1SXQ0TD3MMKrXZajbiQ==",
      "dependencies": {
        "file-uri-to-path": "1.0.0"
      }
    },
    "node_modules/colorsys": {
      "version": "1.0.22",
      "license": "ISC"
    },
    "node_modules/file-uri-to-path": {
      "version": "1.0.0",
      "resolved": "https://registry.npmjs.org/file-uri-to-path/-/file-uri-to-path-1.0.0.tgz",
      "integrity": "sha512-0Zt+s3L7Vf1biwWZ29aARiVYLx7iMGnEUl9x33fbB/j3jR81u/O2LbqK+Bm1CDSNDKVtJ/YjwY7TUd5SkeLQLw=="
    },
    "node_modules/nan": {
      "version": "2.14.2",
      "resolved": "https://registry.npmjs.org/nan/-/nan-2.14.2.tgz",
      "integrity": "sha512-M2ufzIiINKCuDfBSAUr1vWQ+vuVcA9kqx8JJUsbQi6yf1uGRyb7HfpdfUr5qLXf3B/t8dPvcjhKMmlfnP47EzQ=="
    },
    "node_modules/phatbeat": {
      "version": "1.0.0",
      "resolved": "git+ssh://git@github.com/aml11/phatbeat-node.git#deaa880a3a379db8d97f43814a7878cdf053662c",
      "license": "ISC",
      "dependencies": {
        "rpio": "^2.4.2"
      }
    },
    "node_modules/rpio": {
      "version": "2.4.2",
      "resolved": "https://registry.npmjs.org/rpio/-/rpio-2.4.2.tgz",
      "integrity": "sha512-SiWw2VorgUh+0hbu6eJkRGG+luvS9BboXz6PQl8Z49kJ+8Nn7R/b4ohybLIYSMbQqcW1WYqSooadDuv1VOAiFw==",
      "hasInstallScript": true,
      "dependencies": {
        "bindings": "~1.5.0",
        "nan": "^2.14.1"
      },
      "engines": {
        "node": ">=0.8"
      }
    }
  },
  "dependencies": {
    "bindings": {
      "version": "1.5.0",
      "resolved": "https://registry.npmjs.org/bindings/-/bindings-1.5.0.tgz",
      "integrity": "sha512-p2q/t/mhvuOj/UeLlV6566GD/guowlr0hHxClI0W9m7MWYkL1F0hLo+0Aexs9HSPCtR1SXQ0TD3MMKrXZajbiQ==",
      "requires": {
        "file-uri-to-path": "1.0.0"
      }
    },
    "colorsys": {
      "version": "1.0.22"
    },
    "file-uri-to-path": {
      "version": "1.0.0",
      "resolved": "https://registry.npmjs.org/file-uri-to-path/-/file-uri-to-path-1.0.0.tgz",
      "integrity": "sha512-0Zt+s3L7Vf1biwWZ29aARiVYLx7iMGnEUl9x33fbB/j3jR81u/O2LbqK+Bm1CDSNDKVtJ/YjwY7TUd5SkeLQLw=="
    },
    "nan": {
      "version": "2.14.2",
      "resolved": "https://registry.npmjs.org/nan/-/nan-2.14.2.tgz",
      "integrity": "sha512-M2ufzIiINKCuDfBSAUr1vWQ+vuVcA9kqx8JJUsbQi6yf1uGRyb7HfpdfUr5qLXf3B/t8dPvcjhKMmlfnP47EzQ=="
    },
    "phatbeat": {
      "version": "git+ssh://git@github.com/aml11/phatbeat-node.git#deaa880a3a379db8d97f43814a7878cdf053662c",
      "from": "phatbeat@git+git@github.com:aml11/phatbeat-node.git",
      "requires": {
        "rpio": "^2.4.2"
      }
    },
    "rpio": {
      "version": "2.4.2",
      "resolved": "https://registry.npmjs.org/rpio/-/rpio-2.4.2.tgz",
      "integrity": "sha512-SiWw2VorgUh+0hbu6eJkRGG+luvS9BboXz6PQl8Z49kJ+8Nn7R/b4ohybLIYSMbQqcW1WYqSooadDuv1VOAiFw==",
      "requires": {
        "bindings": "~1.5.0",
        "nan": "^2.14.1"
      }
    }
  }
}
